// !$*UTF8*$!
{
	archiveVersion = 1;
	classes = {
	};
	objectVersion = 56;
	objects = {

/* Begin PBXBuildFile section */
		D7F7BCBA28E3D49D00F027B2 /* AppDelegate.swift in Sources */ = {isa = PBXBuildFile; fileRef = D7F7BCB928E3D49D00F027B2 /* AppDelegate.swift */; };
		D7F7BCBC28E3D49D00F027B2 /* SceneDelegate.swift in Sources */ = {isa = PBXBuildFile; fileRef = D7F7BCBB28E3D49D00F027B2 /* SceneDelegate.swift */; };
		D7F7BCBE28E3D49D00F027B2 /* ViewController.swift in Sources */ = {isa = PBXBuildFile; fileRef = D7F7BCBD28E3D49D00F027B2 /* ViewController.swift */; };
		D7F7BCC128E3D49D00F027B2 /* Main.storyboard in Resources */ = {isa = PBXBuildFile; fileRef = D7F7BCBF28E3D49D00F027B2 /* Main.storyboard */; };
		D7F7BCC328E3D49E00F027B2 /* Assets.xcassets in Resources */ = {isa = PBXBuildFile; fileRef = D7F7BCC228E3D49E00F027B2 /* Assets.xcassets */; };
		D7F7BCC628E3D49E00F027B2 /* LaunchScreen.storyboard in Resources */ = {isa = PBXBuildFile; fileRef = D7F7BCC428E3D49E00F027B2 /* LaunchScreen.storyboard */; };
		D7F7BCCE28E3D54A00F027B2 /* aspas-direita.png in Resources */ = {isa = PBXBuildFile; fileRef = D7F7BCCD28E3D54A00F027B2 /* aspas-direita.png */; };
		D7F7BCD028E3D55100F027B2 /* aspas-esquerda.png in Resources */ = {isa = PBXBuildFile; fileRef = D7F7BCCF28E3D55100F027B2 /* aspas-esquerda.png */; };
		D7F7BCD228E3D55700F027B2 /* logo.png in Resources */ = {isa = PBXBuildFile; fileRef = D7F7BCD128E3D55700F027B2 /* logo.png */; };
/* End PBXBuildFile section */

/* Begin PBXFileReference section */
		D7F7BCB628E3D49D00F027B2 /* frasesMotivacionais.app */ = {isa = PBXFileReference; explicitFileType = wrapper.application; includeInIndex = 0; path = frasesMotivacionais.app; sourceTree = BUILT_PRODUCTS_DIR; };
		D7F7BCB928E3D49D00F027B2 /* AppDelegate.swift */ = {isa = PBXFileReference; lastKnownFileType = sourcecode.swift; path = AppDelegate.swift; sourceTree = "<group>"; };
		D7F7BCBB28E3D49D00F027B2 /* SceneDelegate.swift */ = {isa = PBXFileReference; lastKnownFileType = sourcecode.swift; path = SceneDelegate.swift; sourceTree = "<group>"; };
		D7F7BCBD28E3D49D00F027B2 /* ViewController.swift */ = {isa = PBXFileReference; lastKnownFileType = sourcecode.swift; path = ViewController.swift; sourceTree = "<group>"; };
		D7F7BCC028E3D49D00F027B2 /* Base */ = {isa = PBXFileReference; lastKnownFileType = file.storyboard; name = Base; path = Base.lproj/Main.storyboard; sourceTree = "<group>"; };
		D7F7BCC228E3D49E00F027B2 /* Assets.xcassets */ = {isa = PBXFileReference; lastKnownFileType = folder.assetcatalog; path = Assets.xcassets; sourceTree = "<group>"; };
		D7F7BCC528E3D49E00F027B2 /* Base */ = {isa = PBXFileReference; lastKnownFileType = file.storyboard; name = Base; path = Base.lproj/LaunchScreen.storyboard; sourceTree = "<group>"; };
		D7F7BCC728E3D49E00F027B2 /* Info.plist */ = {isa = PBXFileReference; lastKnownFileType = text.plist.xml; path = Info.plist; sourceTree = "<group>"; };
		D7F7BCCD28E3D54A00F027B2 /* aspas-direita.png */ = {isa = PBXFileReference; lastKnownFileType = image.png; name = "aspas-direita.png"; path = "../../../../Downloads/imagens-app-frases-do-dia/aspas-direita.png"; sourceTree = "<group>"; };
		D7F7BCCF28E3D55100F027B2 /* aspas-esquerda.png */ = {isa = PBXFileReference; lastKnownFileType = image.png; name = "aspas-esquerda.png"; path = "../../../../Downloads/imagens-app-frases-do-dia/aspas-esquerda.png"; sourceTree = "<group>"; };
		D7F7BCD128E3D55700F027B2 /* logo.png */ = {isa = PBXFileReference; lastKnownFileType = image.png; name = logo.png; path = "../../../../Downloads/imagens-app-frases-do-dia/logo.png"; sourceTree = "<group>"; };
/* End PBXFileReference section */

/* Begin PBXFrameworksBuildPhase section */
		D7F7BCB328E3D49D00F027B2 /* Frameworks */ = {
			isa = PBXFrameworksBuildPhase;
			buildActionMask = 2147483647;
			files = (
			);
			runOnlyForDeploymentPostprocessing = 0;
		};
/* End PBXFrameworksBuildPhase section */

/* Begin PBXGroup section */
		D7F7BCAD28E3D49D00F027B2 = {
			isa = PBXGroup;
			children = (
				D7F7BCB828E3D49D00F027B2 /* frasesMotivacionais */,
				D7F7BCB728E3D49D00F027B2 /* Products */,
			);
			sourceTree = "<group>";
		};
		D7F7BCB728E3D49D00F027B2 /* Products */ = {
			isa = PBXGroup;
			children = (
				D7F7BCB628E3D49D00F027B2 /* frasesMotivacionais.app */,
			);
			name = Products;
			sourceTree = "<group>";
		};
		D7F7BCB828E3D49D00F027B2 /* frasesMotivacionais */ = {
			isa = PBXGroup;
			children = (
				D7F7BCB928E3D49D00F027B2 /* AppDelegate.swift */,
				D7F7BCBB28E3D49D00F027B2 /* SceneDelegate.swift */,
				D7F7BCBD28E3D49D00F027B2 /* ViewController.swift */,
				D7F7BCBF28E3D49D00F027B2 /* Main.storyboard */,
				D7F7BCC228E3D49E00F027B2 /* Assets.xcassets */,
				D7F7BCCD28E3D54A00F027B2 /* aspas-direita.png */,
				D7F7BCCF28E3D55100F027B2 /* aspas-esquerda.png */,
				D7F7BCD128E3D55700F027B2 /* logo.png */,
				D7F7BCC428E3D49E00F027B2 /* LaunchScreen.storyboard */,
				D7F7BCC728E3D49E00F027B2 /* Info.plist */,
			);
			path = frasesMotivacionais;
			sourceTree = "<group>";
		};
/* End PBXGroup section */

/* Begin PBXNativeTarget section */
		D7F7BCB528E3D49D00F027B2 /* frasesMotivacionais */ = {
			isa = PBXNativeTarget;
			buildConfigurationList = D7F7BCCA28E3D49E00F027B2 /* Build configuration list for PBXNativeTarget "frasesMotivacionais" */;
			buildPhases = (
				D7F7BCB228E3D49D00F027B2 /* Sources */,
				D7F7BCB328E3D49D00F027B2 /* Frameworks */,
				D7F7BCB428E3D49D00F027B2 /* Resources */,
			);
			buildRules = (
			);
			dependencies = (
			);
			name = frasesMotivacionais;
			productName = frasesMotivacionais;
			productReference = D7F7BCB628E3D49D00F027B2 /* frasesMotivacionais.app */;
			productType = "com.apple.product-type.application";
		};
/* End PBXNativeTarget section */

/* Begin PBXProject section */
		D7F7BCAE28E3D49D00F027B2 /* Project object */ = {
			isa = PBXProject;
			attributes = {
				BuildIndependentTargetsInParallel = 1;
				LastSwiftUpdateCheck = 1400;
				LastUpgradeCheck = 1400;
				TargetAttributes = {
					D7F7BCB528E3D49D00F027B2 = {
						CreatedOnToolsVersion = 14.0.1;
					};
				};
			};
			buildConfigurationList = D7F7BCB128E3D49D00F027B2 /* Build configuration list for PBXProject "frasesMotivacionais" */;
			compatibilityVersion = "Xcode 14.0";
			developmentRegion = en;
			hasScannedForEncodings = 0;
			knownRegions = (
				en,
				Base,
			);
			mainGroup = D7F7BCAD28E3D49D00F027B2;
			productRefGroup = D7F7BCB728E3D49D00F027B2 /* Products */;
			projectDirPath = "";
			projectRoot = "";
			targets = (
				D7F7BCB528E3D49D00F027B2 /* frasesMotivacionais */,
			);
		};
/* End PBXProject section */

/* Begin PBXResourcesBuildPhase section */
		D7F7BCB428E3D49D00F027B2 /* Resources */ = {
			isa = PBXResourcesBuildPhase;
			buildActionMask = 2147483647;
			files = (
				D7F7BCC628E3D49E00F027B2 /* LaunchScreen.storyboard in Resources */,
				D7F7BCC328E3D49E00F027B2 /* Assets.xcassets in Resources */,
				D7F7BCD228E3D55700F027B2 /* logo.png in Resources */,
				D7F7BCC128E3D49D00F027B2 /* Main.storyboard in Resources */,
				D7F7BCCE28E3D54A00F027B2 /* aspas-direita.png in Resources */,
				D7F7BCD028E3D55100F027B2 /* aspas-esquerda.png in Resources */,
			);
			runOnlyForDeploymentPostprocessing = 0;
		};
/* End PBXResourcesBuildPhase section */

/* Begin PBXSourcesBuildPhase section */
		D7F7BCB228E3D49D00F027B2 /* Sources */ = {
			isa = PBXSourcesBuildPhase;
			buildActionMask = 2147483647;
			files = (
				D7F7BCBE28E3D49D00F027B2 /* ViewController.swift in Sources */,
				D7F7BCBA28E3D49D00F027B2 /* AppDelegate.swift in Sources */,
				D7F7BCBC28E3D49D00F027B2 /* SceneDelegate.swift in Sources */,
			);
			runOnlyForDeploymentPostprocessing = 0;
		};
/* End PBXSourcesBuildPhase section */

/* Begin PBXVariantGroup section */
		D7F7BCBF28E3D49D00F027B2 /* Main.storyboard */ = {
			isa = PBXVariantGroup;
			children = (
				D7F7BCC028E3D49D00F027B2 /* Base */,
			);
			name = Main.storyboard;
			sourceTree = "<group>";
		};
		D7F7BCC428E3D49E00F027B2 /* LaunchScreen.storyboard */ = {
			isa = PBXVariantGroup;
			children = (
				D7F7BCC528E3D49E00F027B2 /* Base */,
			);
			name = LaunchScreen.storyboard;
			sourceTree = "<group>";
		};
/* End PBXVariantGroup section */

/* Begin XCBuildConfiguration section */
		D7F7BCC828E3D49E00F027B2 /* Debug */ = {
			isa = XCBuildConfiguration;
			buildSettings = {
				ALWAYS_SEARCH_USER_PATHS = NO;
				CLANG_ANALYZER_NONNULL = YES;
				CLANG_ANALYZER_NUMBER_OBJECT_CONVERSION = YES_AGGRESSIVE;
				CLANG_CXX_LANGUAGE_STANDARD = "gnu++20";
				CLANG_ENABLE_MODULES = YES;
				CLANG_ENABLE_OBJC_ARC = YES;
				CLANG_ENABLE_OBJC_WEAK = YES;
				CLANG_WARN_BLOCK_CAPTURE_AUTORELEASING = YES;
				CLANG_WARN_BOOL_CONVERSION = YES;
				CLANG_WARN_COMMA = YES;
				CLANG_WARN_CONSTANT_CONVERSION = YES;
				CLANG_WARN_DEPRECATED_OBJC_IMPLEMENTATIONS = YES;
				CLANG_WARN_DIRECT_OBJC_ISA_USAGE = YES_ERROR;
				CLANG_WARN_DOCUMENTATION_COMMENTS = YES;
				CLANG_WARN_EMPTY_BODY = YES;
				CLANG_WARN_ENUM_CONVERSION = YES;
				CLANG_WARN_INFINITE_RECURSION = YES;
				CLANG_WARN_INT_CONVERSION = YES;
				CLANG_WARN_NON_LITERAL_NULL_CONVERSION = YES;
				CLANG_WARN_OBJC_IMPLICIT_RETAIN_SELF = YES;
				CLANG_WARN_OBJC_LITERAL_CONVERSION = YES;
				CLANG_WARN_OBJC_ROOT_CLASS = YES_ERROR;
				CLANG_WARN_QUOTED_INCLUDE_IN_FRAMEWORK_HEADER = YES;
				CLANG_WARN_RANGE_LOOP_ANALYSIS = YES;
				CLANG_WARN_STRICT_PROTOTYPES = YES;
				CLANG_WARN_SUSPICIOUS_MOVE = YES;
				CLANG_WARN_UNGUARDED_AVAILABILITY = YES_AGGRESSIVE;
				CLANG_WARN_UNREACHABLE_CODE = YES;
				CLANG_WARN__DUPLICATE_METHOD_MATCH = YES;
				COPY_PHASE_STRIP = NO;
				DEBUG_INFORMATION_FORMAT = dwarf;
				ENABLE_STRICT_OBJC_MSGSEND = YES;
				ENABLE_TESTABILITY = YES;
				GCC_C_LANGUAGE_STANDARD = gnu11;
				GCC_DYNAMIC_NO_PIC = NO;
				GCC_NO_COMMON_BLOCKS = YES;
				GCC_OPTIMIZATION_LEVEL = 0;
				GCC_PREPROCESSOR_DEFINITIONS = (
					"DEBUG=1",
					"$(inherited)",
				);
				GCC_WARN_64_TO_32_BIT_CONVERSION = YES;
				GCC_WARN_ABOUT_RETURN_TYPE = YES_ERROR;
				GCC_WARN_UNDECLARED_SELECTOR = YES;
				GCC_WARN_UNINITIALIZED_AUTOS = YES_AGGRESSIVE;
				GCC_WARN_UNUSED_FUNCTION = YES;
				GCC_WARN_UNUSED_VARIABLE = YES;
				IPHONEOS_DEPLOYMENT_TARGET = 16.0;
				MTL_ENABLE_DEBUG_INFO = INCLUDE_SOURCE;
				MTL_FAST_MATH = YES;
				ONLY_ACTIVE_ARCH = YES;
				SDKROOT = iphoneos;
				SWIFT_ACTIVE_COMPILATION_CONDITIONS = DEBUG;
				SWIFT_OPTIMIZATION_LEVEL = "-Onone";
			};
			name = Debug;
		};
		D7F7BCC928E3D49E00F027B2 /* Release */ = {
			isa = XCBuildConfiguration;
			buildSettings = {
				ALWAYS_SEARCH_USER_PATHS = NO;
				CLANG_ANALYZER_NONNULL = YES;
				CLANG_ANALYZER_NUMBER_OBJECT_CONVERSION = YES_AGGRESSIVE;
				CLANG_CXX_LANGUAGE_STANDARD = "gnu++20";
				CLANG_ENABLE_MODULES = YES;
				CLANG_ENABLE_OBJC_ARC = YES;
				CLANG_ENABLE_OBJC_WEAK = YES;
				CLANG_WARN_BLOCK_CAPTURE_AUTORELEASING = YES;
				CLANG_WARN_BOOL_CONVERSION = YES;
				CLANG_WARN_COMMA = YES;
				CLANG_WARN_CONSTANT_CONVERSION = YES;
				CLANG_WARN_DEPRECATED_OBJC_IMPLEMENTATIONS = YES;
				CLANG_WARN_DIRECT_OBJC_ISA_USAGE = YES_ERROR;
				CLANG_WARN_DOCUMENTATION_COMMENTS = YES;
				CLANG_WARN_EMPTY_BODY = YES;
				CLANG_WARN_ENUM_CONVERSION = YES;
				CLANG_WARN_INFINITE_RECURSION = YES;
				CLANG_WARN_INT_CONVERSION = YES;
				CLANG_WARN_NON_LITERAL_NULL_CONVERSION = YES;
				CLANG_WARN_OBJC_IMPLICIT_RETAIN_SELF = YES;
				CLANG_WARN_OBJC_LITERAL_CONVERSION = YES;
				CLANG_WARN_OBJC_ROOT_CLASS = YES_ERROR;
				CLANG_WARN_QUOTED_INCLUDE_IN_FRAMEWORK_HEADER = YES;
				CLANG_WARN_RANGE_LOOP_ANALYSIS = YES;
				CLANG_WARN_STRICT_PROTOTYPES = YES;
				CLANG_WARN_SUSPICIOUS_MOVE = YES;
				CLANG_WARN_UNGUARDED_AVAILABILITY = YES_AGGRESSIVE;
				CLANG_WARN_UNREACHABLE_CODE = YES;
				CLANG_WARN__DUPLICATE_METHOD_MATCH = YES;
				COPY_PHASE_STRIP = NO;
				DEBUG_INFORMATION_FORMAT = "dwarf-with-dsym";
				ENABLE_NS_ASSERTIONS = NO;
				ENABLE_STRICT_OBJC_MSGSEND = YES;
				GCC_C_LANGUAGE_STANDARD = gnu11;
				GCC_NO_COMMON_BLOCKS = YES;
				GCC_WARN_64_TO_32_BIT_CONVERSION = YES;
				GCC_WARN_ABOUT_RETURN_TYPE = YES_ERROR;
				GCC_WARN_UNDECLARED_SELECTOR = YES;
				GCC_WARN_UNINITIALIZED_AUTOS = YES_AGGRESSIVE;
				GCC_WARN_UNUSED_FUNCTION = YES;
				GCC_WARN_UNUSED_VARIABLE = YES;
				IPHONEOS_DEPLOYMENT_TARGET = 16.0;
				MTL_ENABLE_DEBUG_INFO = NO;
				MTL_FAST_MATH = YES;
				SDKROOT = iphoneos;
				SWIFT_COMPILATION_MODE = wholemodule;
				SWIFT_OPTIMIZATION_LEVEL = "-O";
				VALIDATE_PRODUCT = YES;
			};
			name = Release;
		};
		D7F7BCCB28E3D49E00F027B2 /* Debug */ = {
			isa = XCBuildConfiguration;
			buildSettings = {
				ASSETCATALOG_COMPILER_APPICON_NAME = AppIcon;
				ASSETCATALOG_COMPILER_GLOBAL_ACCENT_COLOR_NAME = AccentColor;
				CODE_SIGN_STYLE = Automatic;
				CURRENT_PROJECT_VERSION = 1;
				GENERATE_INFOPLIST_FILE = YES;
				INFOPLIST_FILE = frasesMotivacionais/Info.plist;
				INFOPLIST_KEY_UIApplicationSupportsIndirectInputEvents = YES;
				INFOPLIST_KEY_UILaunchStoryboardName = LaunchScreen;
				INFOPLIST_KEY_UIMainStoryboardFile = Main;
				INFOPLIST_KEY_UISupportedInterfaceOrientations_iPad = "UIInterfaceOrientationPortrait UIInterfaceOrientationPortraitUpsideDown UIInterfaceOrientationLandscapeLeft UIInterfaceOrientationLandscapeRight";
				INFOPLIST_KEY_UISupportedInterfaceOrientations_iPhone = "UIInterfaceOrientationPortrait UIInterfaceOrientationLandscapeLeft UIInterfaceOrientationLandscapeRight";
				LD_RUNPATH_SEARCH_PATHS = (
					"$(inherited)",
					"@executable_path/Frameworks",
				);
				MARKETING_VERSION = 1.0;
				PRODUCT_BUNDLE_IDENTIFIER = bruna.amestrete.frasesMotivacionais;
				PRODUCT_NAME = "$(TARGET_NAME)";
				SWIFT_EMIT_LOC_STRINGS = YES;
				SWIFT_VERSION = 5.0;
				TARGETED_DEVICE_FAMILY = "1,2";
			};
			name = Debug;
		};
		D7F7BCCC28E3D49E00F027B2 /* Release */ = {
			isa = XCBuildConfiguration;
			buildSettings = {
				ASSETCATALOG_COMPILER_APPICON_NAME = AppIcon;
				ASSETCATALOG_COMPILER_GLOBAL_ACCENT_COLOR_NAME = AccentColor;
				CODE_SIGN_STYLE = Automatic;
				CURRENT_PROJECT_VERSION = 1;
				GENERATE_INFOPLIST_FILE = YES;
				INFOPLIST_FILE = frasesMotivacionais/Info.plist;
				INFOPLIST_KEY_UIApplicationSupportsIndirectInputEvents = YES;
				INFOPLIST_KEY_UILaunchStoryboardName = LaunchScreen;
				INFOPLIST_KEY_UIMainStoryboardFile = Main;
				INFOPLIST_KEY_UISupportedInterfaceOrientations_iPad = "UIInterfaceOrientationPortrait UIInterfaceOrientationPortraitUpsideDown UIInterfaceOrientationLandscapeLeft UIInterfaceOrientationLandscapeRight";
				INFOPLIST_KEY_UISupportedInterfaceOrientations_iPhone = "UIInterfaceOrientationPortrait UIInterfaceOrientationLandscapeLeft UIInterfaceOrientationLandscapeRight";
				LD_RUNPATH_SEARCH_PATHS = (
					"$(inherited)",
					"@executable_path/Frameworks",
				);
				MARKETING_VERSION = 1.0;
				PRODUCT_BUNDLE_IDENTIFIER = bruna.amestrete.frasesMotivacionais;
				PRODUCT_NAME = "$(TARGET_NAME)";
				SWIFT_EMIT_LOC_STRINGS = YES;
				SWIFT_VERSION = 5.0;
				TARGETED_DEVICE_FAMILY = "1,2";
			};
			name = Release;
		};
/* End XCBuildConfiguration section */

/* Begin XCConfigurationList section */
		D7F7BCB128E3D49D00F027B2 /* Build configuration list for PBXProject "frasesMotivacionais" */ = {
			isa = XCConfigurationList;
			buildConfigurations = (
				D7F7BCC828E3D49E00F027B2 /* Debug */,
				D7F7BCC928E3D49E00F027B2 /* Release */,
			);
			defaultConfigurationIsVisible = 0;
			defaultConfigurationName = Release;
		};
		D7F7BCCA28E3D49E00F027B2 /* Build configuration list for PBXNativeTarget "frasesMotivacionais" */ = {
			isa = XCConfigurationList;
			buildConfigurations = (
				D7F7BCCB28E3D49E00F027B2 /* Debug */,
				D7F7BCCC28E3D49E00F027B2 /* Release */,
			);
			defaultConfigurationIsVisible = 0;
			defaultConfigurationName = Release;
		};
/* End XCConfigurationList section */
	};
	rootObject = D7F7BCAE28E3D49D00F027B2 /* Project object */;
}
